
Microsoft Visual Studio Solution File, Format Version 12.00
# Visual Studio Version 17
VisualStudioVersion = 17.6.33829.357
MinimumVisualStudioVersion = 10.0.40219.1
Project("{9A19103F-16F7-4668-BE54-9A1E7A4F7556}") = "DotNet.Property", "src\DotNet.Property\DotNet.Property.csproj", "{4BD565C9-B0BA-4558-A40D-67CE8975CFFB}"
EndProject
Project("{9A19103F-16F7-4668-BE54-9A1E7A4F7556}") = "DotNet.Property.Tests", "test\DotNet.Property.Tests\DotNet.Property.Tests.csproj", "{F3F32D10-ED34-4430-9E02-2C499BDB17CF}"
EndProject
Project("{2150E333-8FDC-42A3-9474-1A3956D46DE8}") = "Build", "Build", "{F6E81BF8-B782-4E0F-98D5-E811BAC65682}"
	ProjectSection(SolutionItems) = preProject
		coverlet.runsettings = coverlet.runsettings
		src\Directory.Build.props = src\Directory.Build.props
		.github\workflows\dotnet.yml = .github\workflows\dotnet.yml
		README.md = README.md
	EndProjectSection
EndProject
Global
	GlobalSection(SolutionConfigurationPlatforms) = preSolution
		Debug|Any CPU = Debug|Any CPU
		Release|Any CPU = Release|Any CPU
	EndGlobalSection
	GlobalSection(ProjectConfigurationPlatforms) = postSolution
		{4BD565C9-B0BA-4558-A40D-67CE8975CFFB}.Debug|Any CPU.ActiveCfg = Debug|Any CPU
		{4BD565C9-B0BA-4558-A40D-67CE8975CFFB}.Debug|Any CPU.Build.0 = Debug|Any CPU
		{4BD565C9-B0BA-4558-A40D-67CE8975CFFB}.Release|Any CPU.ActiveCfg = Release|Any CPU
		{4BD565C9-B0BA-4558-A40D-67CE8975CFFB}.Release|Any CPU.Build.0 = Release|Any CPU
		{F3F32D10-ED34-4430-9E02-2C499BDB17CF}.Debug|Any CPU.ActiveCfg = Debug|Any CPU
		{F3F32D10-ED34-4430-9E02-2C499BDB17CF}.Debug|Any CPU.Build.0 = Debug|Any CPU
		{F3F32D10-ED34-4430-9E02-2C499BDB17CF}.Release|Any CPU.ActiveCfg = Release|Any CPU
		{F3F32D10-ED34-4430-9E02-2C499BDB17CF}.Release|Any CPU.Build.0 = Release|Any CPU
	EndGlobalSection
	GlobalSection(SolutionProperties) = preSolution
		HideSolutionNode = FALSE
	EndGlobalSection
	GlobalSection(ExtensibilityGlobals) = postSolution
		SolutionGuid = {7CDCEC6E-6473-47BB-9AFA-841595736521}
	EndGlobalSection
EndGlobal
